
Microsoft Visual Studio Solution File, Format Version 12.00
# Visual Studio 2013
VisualStudioVersion = 12.0.40629.0
MinimumVisualStudioVersion = 10.0.40219.1
Project("{FAE04EC0-301F-11D3-BF4B-00C04F79EFBC}") = "Armys.BlogWeb", "Armys.BlogWeb\Armys.BlogWeb.csproj", "{ED0A5D7E-CE2C-4F81-9CB3-F7D31C6D2EE2}"
EndProject
Global
	GlobalSection(SolutionConfigurationPlatforms) = preSolution
		Debug|Any CPU = Debug|Any CPU
		Release|Any CPU = Release|Any CPU
	EndGlobalSection
	GlobalSection(ProjectConfigurationPlatforms) = postSolution
		{ED0A5D7E-CE2C-4F81-9CB3-F7D31C6D2EE2}.Debug|Any CPU.ActiveCfg = Debug|Any CPU
		{ED0A5D7E-CE2C-4F81-9CB3-F7D31C6D2EE2}.Debug|Any CPU.Build.0 = Debug|Any CPU
		{ED0A5D7E-CE2C-4F81-9CB3-F7D31C6D2EE2}.Release|Any CPU.ActiveCfg = Release|Any CPU
		{ED0A5D7E-CE2C-4F81-9CB3-F7D31C6D2EE2}.Release|Any CPU.Build.0 = Release|Any CPU
	EndGlobalSection
	GlobalSection(SolutionProperties) = preSolution
		HideSolutionNode = FALSE
	EndGlobalSection
EndGlobal
